
Microsoft Visual Studio Solution File, Format Version 12.00
# Visual Studio Version 17
VisualStudioVersion = 17.13.35825.156 d17.13
MinimumVisualStudioVersion = 10.0.40219.1
Project("{FAE04EC0-301F-11D3-BF4B-00C04F79EFBC}") = "Backend", "Backend\Backend.csproj", "{A31022EE-944D-4699-AE25-EAA3BB957906}"
EndProject
Global
	GlobalSection(SolutionConfigurationPlatforms) = preSolution
		Debug|Any CPU = Debug|Any CPU
		Release|Any CPU = Release|Any CPU
	EndGlobalSection
	GlobalSection(ProjectConfigurationPlatforms) = postSolution
		{A31022EE-944D-4699-AE25-EAA3BB957906}.Debug|Any CPU.ActiveCfg = Debug|Any CPU
		{A31022EE-944D-4699-AE25-EAA3BB957906}.Debug|Any CPU.Build.0 = Debug|Any CPU
		{A31022EE-944D-4699-AE25-EAA3BB957906}.Release|Any CPU.ActiveCfg = Release|Any CPU
		{A31022EE-944D-4699-AE25-EAA3BB957906}.Release|Any CPU.Build.0 = Release|Any CPU
	EndGlobalSection
	GlobalSection(SolutionProperties) = preSolution
		HideSolutionNode = FALSE
	EndGlobalSection
	GlobalSection(ExtensibilityGlobals) = postSolution
		SolutionGuid = {D8432A73-E92A-45BE-A671-CBC744A4A0A4}
	EndGlobalSection
EndGlobal
